
Microsoft Visual Studio Solution File, Format Version 12.00
# Visual Studio Version 17
VisualStudioVersion = 17.8.34511.84
MinimumVisualStudioVersion = 10.0.40219.1
Project("{FAE04EC0-301F-11D3-BF4B-00C04F79EFBC}") = "Introduction", "Introduction\Introduction.csproj", "{B8D1BAF0-0612-438C-8C1D-C4F98FAAC75D}"
EndProject
Global
	GlobalSection(SolutionConfigurationPlatforms) = preSolution
		Debug|Any CPU = Debug|Any CPU
		Release|Any CPU = Release|Any CPU
	EndGlobalSection
	GlobalSection(ProjectConfigurationPlatforms) = postSolution
		{B8D1BAF0-0612-438C-8C1D-C4F98FAAC75D}.Debug|Any CPU.ActiveCfg = Debug|Any CPU
		{B8D1BAF0-0612-438C-8C1D-C4F98FAAC75D}.Debug|Any CPU.Build.0 = Debug|Any CPU
		{B8D1BAF0-0612-438C-8C1D-C4F98FAAC75D}.Release|Any CPU.ActiveCfg = Release|Any CPU
		{B8D1BAF0-0612-438C-8C1D-C4F98FAAC75D}.Release|Any CPU.Build.0 = Release|Any CPU
	EndGlobalSection
	GlobalSection(SolutionProperties) = preSolution
		HideSolutionNode = FALSE
	EndGlobalSection
	GlobalSection(ExtensibilityGlobals) = postSolution
		SolutionGuid = {79A9DFD8-488C-4676-903B-DFAC214A9765}
	EndGlobalSection
EndGlobal
